
Microsoft Visual Studio Solution File, Format Version 12.00
# Visual Studio Version 16
VisualStudioVersion = 16.0.31702.278
MinimumVisualStudioVersion = 10.0.40219.1
Project("{FAE04EC0-301F-11D3-BF4B-00C04F79EFBC}") = "WebApplication9", "WebApplication9\WebApplication9.csproj", "{FE5EF0A3-3F6B-4533-8B82-D9B51E20E108}"
EndProject
Global
	GlobalSection(SolutionConfigurationPlatforms) = preSolution
		Debug|Any CPU = Debug|Any CPU
		Release|Any CPU = Release|Any CPU
	EndGlobalSection
	GlobalSection(ProjectConfigurationPlatforms) = postSolution
		{FE5EF0A3-3F6B-4533-8B82-D9B51E20E108}.Debug|Any CPU.ActiveCfg = Debug|Any CPU
		{FE5EF0A3-3F6B-4533-8B82-D9B51E20E108}.Debug|Any CPU.Build.0 = Debug|Any CPU
		{FE5EF0A3-3F6B-4533-8B82-D9B51E20E108}.Release|Any CPU.ActiveCfg = Release|Any CPU
		{FE5EF0A3-3F6B-4533-8B82-D9B51E20E108}.Release|Any CPU.Build.0 = Release|Any CPU
	EndGlobalSection
	GlobalSection(SolutionProperties) = preSolution
		HideSolutionNode = FALSE
	EndGlobalSection
	GlobalSection(ExtensibilityGlobals) = postSolution
		SolutionGuid = {C0541A43-27D9-452A-A429-74F7CC4302B2}
	EndGlobalSection
EndGlobal
